
Microsoft Visual Studio Solution File, Format Version 12.00
# Visual Studio Version 16
VisualStudioVersion = 16.0.31613.86
MinimumVisualStudioVersion = 10.0.40219.1
Project("{FAE04EC0-301F-11D3-BF4B-00C04F79EFBC}") = "VendingMachineproject", "VendingMachineproject\VendingMachineproject.csproj", "{0B047954-0115-4294-A128-444F4A928B4D}"
EndProject
Global
	GlobalSection(SolutionConfigurationPlatforms) = preSolution
		Debug|Any CPU = Debug|Any CPU
		Release|Any CPU = Release|Any CPU
	EndGlobalSection
	GlobalSection(ProjectConfigurationPlatforms) = postSolution
		{0B047954-0115-4294-A128-444F4A928B4D}.Debug|Any CPU.ActiveCfg = Debug|Any CPU
		{0B047954-0115-4294-A128-444F4A928B4D}.Debug|Any CPU.Build.0 = Debug|Any CPU
		{0B047954-0115-4294-A128-444F4A928B4D}.Release|Any CPU.ActiveCfg = Release|Any CPU
		{0B047954-0115-4294-A128-444F4A928B4D}.Release|Any CPU.Build.0 = Release|Any CPU
	EndGlobalSection
	GlobalSection(SolutionProperties) = preSolution
		HideSolutionNode = FALSE
	EndGlobalSection
	GlobalSection(ExtensibilityGlobals) = postSolution
		SolutionGuid = {7ADA24E2-CE59-44A5-B07C-CEEFEDADBF20}
	EndGlobalSection
EndGlobal
